{
  "name": "chore",
  "version": "1.0.0",
  "lockfileVersion": 1,
  "requires": true,
  "dependencies": {
    "big.js": {
      "version": "6.1.1",
      "resolved": "https://registry.npmjs.org/big.js/-/big.js-6.1.1.tgz",
      "integrity": "sha512-1vObw81a8ylZO5ePrtMay0n018TcftpTA5HFKDaSuiUDBo8biRBtjIobw60OpwuvrGk+FsxKamqN4cnmj/eXdg=="
    }
  }
}
